
Microsoft Visual Studio Solution File, Format Version 12.00
# Visual Studio Version 16
VisualStudioVersion = 16.0.29519.87
MinimumVisualStudioVersion = 10.0.40219.1
Project("{F184B08F-C81C-45F6-A57F-5ABD9991F28F}") = "Storj Node Toolbox", "Storj Node Toolbox\Storj Node Toolbox.vbproj", "{37DE2033-3216-404F-A7A8-3F9B9DC94704}"
EndProject
Project("{FAE04EC0-301F-11D3-BF4B-00C04F79EFBC}") = "TaskScheduler", "TaskScheduler_1.2_src\TaskScheduler.csproj", "{2321BB1B-E1CE-4DD2-B485-E7BD4244474B}"
EndProject
Global
	GlobalSection(SolutionConfigurationPlatforms) = preSolution
		Debug|Any CPU = Debug|Any CPU
		Release|Any CPU = Release|Any CPU
	EndGlobalSection
	GlobalSection(ProjectConfigurationPlatforms) = postSolution
		{37DE2033-3216-404F-A7A8-3F9B9DC94704}.Debug|Any CPU.ActiveCfg = Debug|Any CPU
		{37DE2033-3216-404F-A7A8-3F9B9DC94704}.Debug|Any CPU.Build.0 = Debug|Any CPU
		{37DE2033-3216-404F-A7A8-3F9B9DC94704}.Release|Any CPU.ActiveCfg = Release|Any CPU
		{37DE2033-3216-404F-A7A8-3F9B9DC94704}.Release|Any CPU.Build.0 = Release|Any CPU
		{2321BB1B-E1CE-4DD2-B485-E7BD4244474B}.Debug|Any CPU.ActiveCfg = Debug|Any CPU
		{2321BB1B-E1CE-4DD2-B485-E7BD4244474B}.Debug|Any CPU.Build.0 = Debug|Any CPU
		{2321BB1B-E1CE-4DD2-B485-E7BD4244474B}.Release|Any CPU.ActiveCfg = Release|Any CPU
		{2321BB1B-E1CE-4DD2-B485-E7BD4244474B}.Release|Any CPU.Build.0 = Release|Any CPU
	EndGlobalSection
	GlobalSection(SolutionProperties) = preSolution
		HideSolutionNode = FALSE
	EndGlobalSection
	GlobalSection(ExtensibilityGlobals) = postSolution
		SolutionGuid = {85EB2DD7-2DE6-4781-B6C3-B557547843F7}
	EndGlobalSection
EndGlobal
